
Microsoft Visual Studio Solution File, Format Version 12.00
# Visual Studio Version 17
VisualStudioVersion = 17.0.31903.59
MinimumVisualStudioVersion = 10.0.40219.1
Project("{2150E333-8FDC-42A3-9474-1A3956D46DE8}") = "src", "src", "{827E0CD3-B72D-47B6-A68D-7590B98EB39B}"
EndProject
Project("{FAE04EC0-301F-11D3-BF4B-00C04F79EFBC}") = "Financist.Api", "src\Financist.Api\Financist.Api.csproj", "{B3E9C93F-3242-4D9E-8266-D5170BB60D75}"
EndProject
Project("{FAE04EC0-301F-11D3-BF4B-00C04F79EFBC}") = "Financist.Application", "src\Financist.Application\Financist.Application.csproj", "{A6DF3C1A-B56A-4790-9D15-5DD877F9BF96}"
EndProject
Project("{FAE04EC0-301F-11D3-BF4B-00C04F79EFBC}") = "Financist.Domain", "src\Financist.Domain\Financist.Domain.csproj", "{82F5604F-97C8-45D8-89BC-A6A205310A08}"
EndProject
Project("{FAE04EC0-301F-11D3-BF4B-00C04F79EFBC}") = "Financist.Infrastructure", "src\Financist.Infrastructure\Financist.Infrastructure.csproj", "{F2ECB7D6-8DA7-4059-A3D1-E05BDC72B16A}"
EndProject
Project("{2150E333-8FDC-42A3-9474-1A3956D46DE8}") = "tests", "tests", "{0AB3BF05-4346-4AA6-1389-037BE0695223}"
EndProject
Project("{FAE04EC0-301F-11D3-BF4B-00C04F79EFBC}") = "Financist.UnitTests", "tests\Financist.UnitTests\Financist.UnitTests.csproj", "{FCAFC80F-D578-4070-8DF0-2A01C254F4AA}"
EndProject
Project("{FAE04EC0-301F-11D3-BF4B-00C04F79EFBC}") = "Financist.IntegrationTests", "tests\Financist.IntegrationTests\Financist.IntegrationTests.csproj", "{6210E134-3B9E-4244-9904-2A6385AA7DAA}"
EndProject
Global
	GlobalSection(SolutionConfigurationPlatforms) = preSolution
		Debug|Any CPU = Debug|Any CPU
		Debug|x64 = Debug|x64
		Debug|x86 = Debug|x86
		Release|Any CPU = Release|Any CPU
		Release|x64 = Release|x64
		Release|x86 = Release|x86
	EndGlobalSection
	GlobalSection(ProjectConfigurationPlatforms) = postSolution
		{B3E9C93F-3242-4D9E-8266-D5170BB60D75}.Debug|Any CPU.ActiveCfg = Debug|Any CPU
		{B3E9C93F-3242-4D9E-8266-D5170BB60D75}.Debug|Any CPU.Build.0 = Debug|Any CPU
		{B3E9C93F-3242-4D9E-8266-D5170BB60D75}.Debug|x64.ActiveCfg = Debug|Any CPU
		{B3E9C93F-3242-4D9E-8266-D5170BB60D75}.Debug|x64.Build.0 = Debug|Any CPU
		{B3E9C93F-3242-4D9E-8266-D5170BB60D75}.Debug|x86.ActiveCfg = Debug|Any CPU
		{B3E9C93F-3242-4D9E-8266-D5170BB60D75}.Debug|x86.Build.0 = Debug|Any CPU
		{B3E9C93F-3242-4D9E-8266-D5170BB60D75}.Release|Any CPU.ActiveCfg = Release|Any CPU
		{B3E9C93F-3242-4D9E-8266-D5170BB60D75}.Release|Any CPU.Build.0 = Release|Any CPU
		{B3E9C93F-3242-4D9E-8266-D5170BB60D75}.Release|x64.ActiveCfg = Release|Any CPU
		{B3E9C93F-3242-4D9E-8266-D5170BB60D75}.Release|x64.Build.0 = Release|Any CPU
		{B3E9C93F-3242-4D9E-8266-D5170BB60D75}.Release|x86.ActiveCfg = Release|Any CPU
		{B3E9C93F-3242-4D9E-8266-D5170BB60D75}.Release|x86.Build.0 = Release|Any CPU
		{A6DF3C1A-B56A-4790-9D15-5DD877F9BF96}.Debug|Any CPU.ActiveCfg = Debug|Any CPU
		{A6DF3C1A-B56A-4790-9D15-5DD877F9BF96}.Debug|Any CPU.Build.0 = Debug|Any CPU
		{A6DF3C1A-B56A-4790-9D15-5DD877F9BF96}.Debug|x64.ActiveCfg = Debug|Any CPU
		{A6DF3C1A-B56A-4790-9D15-5DD877F9BF96}.Debug|x64.Build.0 = Debug|Any CPU
		{A6DF3C1A-B56A-4790-9D15-5DD877F9BF96}.Debug|x86.ActiveCfg = Debug|Any CPU
		{A6DF3C1A-B56A-4790-9D15-5DD877F9BF96}.Debug|x86.Build.0 = Debug|Any CPU
		{A6DF3C1A-B56A-4790-9D15-5DD877F9BF96}.Release|Any CPU.ActiveCfg = Release|Any CPU
		{A6DF3C1A-B56A-4790-9D15-5DD877F9BF96}.Release|Any CPU.Build.0 = Release|Any CPU
		{A6DF3C1A-B56A-4790-9D15-5DD877F9BF96}.Release|x64.ActiveCfg = Release|Any CPU
		{A6DF3C1A-B56A-4790-9D15-5DD877F9BF96}.Release|x64.Build.0 = Release|Any CPU
		{A6DF3C1A-B56A-4790-9D15-5DD877F9BF96}.Release|x86.ActiveCfg = Release|Any CPU
		{A6DF3C1A-B56A-4790-9D15-5DD877F9BF96}.Release|x86.Build.0 = Release|Any CPU
		{82F5604F-97C8-45D8-89BC-A6A205310A08}.Debug|Any CPU.ActiveCfg = Debug|Any CPU
		{82F5604F-97C8-45D8-89BC-A6A205310A08}.Debug|Any CPU.Build.0 = Debug|Any CPU
		{82F5604F-97C8-45D8-89BC-A6A205310A08}.Debug|x64.ActiveCfg = Debug|Any CPU
		{82F5604F-97C8-45D8-89BC-A6A205310A08}.Debug|x64.Build.0 = Debug|Any CPU
		{82F5604F-97C8-45D8-89BC-A6A205310A08}.Debug|x86.ActiveCfg = Debug|Any CPU
		{82F5604F-97C8-45D8-89BC-A6A205310A08}.Debug|x86.Build.0 = Debug|Any CPU
		{82F5604F-97C8-45D8-89BC-A6A205310A08}.Release|Any CPU.ActiveCfg = Release|Any CPU
		{82F5604F-97C8-45D8-89BC-A6A205310A08}.Release|Any CPU.Build.0 = Release|Any CPU
		{82F5604F-97C8-45D8-89BC-A6A205310A08}.Release|x64.ActiveCfg = Release|Any CPU
		{82F5604F-97C8-45D8-89BC-A6A205310A08}.Release|x64.Build.0 = Release|Any CPU
		{82F5604F-97C8-45D8-89BC-A6A205310A08}.Release|x86.ActiveCfg = Release|Any CPU
		{82F5604F-97C8-45D8-89BC-A6A205310A08}.Release|x86.Build.0 = Release|Any CPU
		{F2ECB7D6-8DA7-4059-A3D1-E05BDC72B16A}.Debug|Any CPU.ActiveCfg = Debug|Any CPU
		{F2ECB7D6-8DA7-4059-A3D1-E05BDC72B16A}.Debug|Any CPU.Build.0 = Debug|Any CPU
		{F2ECB7D6-8DA7-4059-A3D1-E05BDC72B16A}.Debug|x64.ActiveCfg = Debug|Any CPU
		{F2ECB7D6-8DA7-4059-A3D1-E05BDC72B16A}.Debug|x64.Build.0 = Debug|Any CPU
		{F2ECB7D6-8DA7-4059-A3D1-E05BDC72B16A}.Debug|x86.ActiveCfg = Debug|Any CPU
		{F2ECB7D6-8DA7-4059-A3D1-E05BDC72B16A}.Debug|x86.Build.0 = Debug|Any CPU
		{F2ECB7D6-8DA7-4059-A3D1-E05BDC72B16A}.Release|Any CPU.ActiveCfg = Release|Any CPU
		{F2ECB7D6-8DA7-4059-A3D1-E05BDC72B16A}.Release|Any CPU.Build.0 = Release|Any CPU
		{F2ECB7D6-8DA7-4059-A3D1-E05BDC72B16A}.Release|x64.ActiveCfg = Release|Any CPU
		{F2ECB7D6-8DA7-4059-A3D1-E05BDC72B16A}.Release|x64.Build.0 = Release|Any CPU
		{F2ECB7D6-8DA7-4059-A3D1-E05BDC72B16A}.Release|x86.ActiveCfg = Release|Any CPU
		{F2ECB7D6-8DA7-4059-A3D1-E05BDC72B16A}.Release|x86.Build.0 = Release|Any CPU
		{FCAFC80F-D578-4070-8DF0-2A01C254F4AA}.Debug|Any CPU.ActiveCfg = Debug|Any CPU
		{FCAFC80F-D578-4070-8DF0-2A01C254F4AA}.Debug|Any CPU.Build.0 = Debug|Any CPU
		{FCAFC80F-D578-4070-8DF0-2A01C254F4AA}.Debug|x64.ActiveCfg = Debug|Any CPU
		{FCAFC80F-D578-4070-8DF0-2A01C254F4AA}.Debug|x64.Build.0 = Debug|Any CPU
		{FCAFC80F-D578-4070-8DF0-2A01C254F4AA}.Debug|x86.ActiveCfg = Debug|Any CPU
		{FCAFC80F-D578-4070-8DF0-2A01C254F4AA}.Debug|x86.Build.0 = Debug|Any CPU
		{FCAFC80F-D578-4070-8DF0-2A01C254F4AA}.Release|Any CPU.ActiveCfg = Release|Any CPU
		{FCAFC80F-D578-4070-8DF0-2A01C254F4AA}.Release|Any CPU.Build.0 = Release|Any CPU
		{FCAFC80F-D578-4070-8DF0-2A01C254F4AA}.Release|x64.ActiveCfg = Release|Any CPU
		{FCAFC80F-D578-4070-8DF0-2A01C254F4AA}.Release|x64.Build.0 = Release|Any CPU
		{FCAFC80F-D578-4070-8DF0-2A01C254F4AA}.Release|x86.ActiveCfg = Release|Any CPU
		{FCAFC80F-D578-4070-8DF0-2A01C254F4AA}.Release|x86.Build.0 = Release|Any CPU
		{6210E134-3B9E-4244-9904-2A6385AA7DAA}.Debug|Any CPU.ActiveCfg = Debug|Any CPU
		{6210E134-3B9E-4244-9904-2A6385AA7DAA}.Debug|Any CPU.Build.0 = Debug|Any CPU
		{6210E134-3B9E-4244-9904-2A6385AA7DAA}.Debug|x64.ActiveCfg = Debug|Any CPU
		{6210E134-3B9E-4244-9904-2A6385AA7DAA}.Debug|x64.Build.0 = Debug|Any CPU
		{6210E134-3B9E-4244-9904-2A6385AA7DAA}.Debug|x86.ActiveCfg = Debug|Any CPU
		{6210E134-3B9E-4244-9904-2A6385AA7DAA}.Debug|x86.Build.0 = Debug|Any CPU
		{6210E134-3B9E-4244-9904-2A6385AA7DAA}.Release|Any CPU.ActiveCfg = Release|Any CPU
		{6210E134-3B9E-4244-9904-2A6385AA7DAA}.Release|Any CPU.Build.0 = Release|Any CPU
		{6210E134-3B9E-4244-9904-2A6385AA7DAA}.Release|x64.ActiveCfg = Release|Any CPU
		{6210E134-3B9E-4244-9904-2A6385AA7DAA}.Release|x64.Build.0 = Release|Any CPU
		{6210E134-3B9E-4244-9904-2A6385AA7DAA}.Release|x86.ActiveCfg = Release|Any CPU
		{6210E134-3B9E-4244-9904-2A6385AA7DAA}.Release|x86.Build.0 = Release|Any CPU
	EndGlobalSection
	GlobalSection(SolutionProperties) = preSolution
		HideSolutionNode = FALSE
	EndGlobalSection
	GlobalSection(NestedProjects) = preSolution
		{B3E9C93F-3242-4D9E-8266-D5170BB60D75} = {827E0CD3-B72D-47B6-A68D-7590B98EB39B}
		{A6DF3C1A-B56A-4790-9D15-5DD877F9BF96} = {827E0CD3-B72D-47B6-A68D-7590B98EB39B}
		{82F5604F-97C8-45D8-89BC-A6A205310A08} = {827E0CD3-B72D-47B6-A68D-7590B98EB39B}
		{F2ECB7D6-8DA7-4059-A3D1-E05BDC72B16A} = {827E0CD3-B72D-47B6-A68D-7590B98EB39B}
		{FCAFC80F-D578-4070-8DF0-2A01C254F4AA} = {0AB3BF05-4346-4AA6-1389-037BE0695223}
		{6210E134-3B9E-4244-9904-2A6385AA7DAA} = {0AB3BF05-4346-4AA6-1389-037BE0695223}
	EndGlobalSection
EndGlobal
